
Microsoft Visual Studio Solution File, Format Version 12.00
# Visual Studio Version 16
VisualStudioVersion = 25.0.1706.6
MinimumVisualStudioVersion = 10.0.40219.1
Project("{FAE04EC0-301F-11D3-BF4B-00C04F79EFBC}") = "DapperAssignment", "DapperAssignment\DapperAssignment.csproj", "{4B17911C-52A8-40FA-AD2C-13490AA967E1}"
EndProject
Global
	GlobalSection(SolutionConfigurationPlatforms) = preSolution
		Debug|Any CPU = Debug|Any CPU
		Release|Any CPU = Release|Any CPU
	EndGlobalSection
	GlobalSection(ProjectConfigurationPlatforms) = postSolution
		{4B17911C-52A8-40FA-AD2C-13490AA967E1}.Debug|Any CPU.ActiveCfg = Debug|Any CPU
		{4B17911C-52A8-40FA-AD2C-13490AA967E1}.Debug|Any CPU.Build.0 = Debug|Any CPU
		{4B17911C-52A8-40FA-AD2C-13490AA967E1}.Release|Any CPU.ActiveCfg = Release|Any CPU
		{4B17911C-52A8-40FA-AD2C-13490AA967E1}.Release|Any CPU.Build.0 = Release|Any CPU
	EndGlobalSection
	GlobalSection(SolutionProperties) = preSolution
		HideSolutionNode = FALSE
	EndGlobalSection
	GlobalSection(ExtensibilityGlobals) = postSolution
		SolutionGuid = {7511E25C-66D5-4CE3-85E3-4CAE4CCBF2E4}
	EndGlobalSection
EndGlobal
